dependencies:
- name: minio
  repository: oci://registry-1.docker.io/cloudpirates
  version: 0.14.0
- name: postgres
  repository: oci://registry-1.docker.io/cloudpirates
  version: 0.13.2
- name: jupyterhub
  repository: https://jupyterhub.github.io/helm-chart
  version: 4.3.1
digest: sha256:efadcd5b7f4bcb95960c3b9c25f46e51377034aa5523fe9a9e412e8cb180fcc5
generated: "2026-09-28T15:28:55.247985632+02:00"
